{
  "name": "tarkov-ah-scrapper",
  "version": "1.0.0",
  "lockfileVersion": 1,
  "requires": true,
  "dependencies": {
    "tesseract.js-core": {
      "version": "2.0.0-beta.13",
      "resolved": "https://registry.npmjs.org/tesseract.js-core/-/tesseract.js-core-2.0.0-beta.13.tgz",
      "integrity": "sha512-GboWV/aV5h+Whito6L6Q3WCFZ2+lgxZGgjY84wSpWbTLEkkZgHsU+dz1or+3rWSABH/nuzHDco1bZRk5+f94mw=="
    },
    "tesseract.js-node": {
      "version": "0.1.0",
      "resolved": "https://registry.npmjs.org/tesseract.js-node/-/tesseract.js-node-0.1.0.tgz",
      "integrity": "sha512-40YjnA7aIRv81BBwWJktx+Ro2qsSGHLzs1WQlE21/b43/F+xwYT9r3+8cgzTRx/JO08fp0QrdSSrxpoR9fOmNQ==",
      "requires": {
        "tesseract.js-core": "^2.0.0-beta.11"
      }
    }
  }
}
